
Microsoft Visual Studio Solution File, Format Version 12.00
# Visual Studio 14
VisualStudioVersion = 14.0.25420.1
MinimumVisualStudioVersion = 10.0.40219.1
Project("{FAE04EC0-301F-11D3-BF4B-00C04F79EFBC}") = "WebAPI", "WebAPI\WebAPI.csproj", "{864461E5-863E-4878-A090-955A2FC20825}"
EndProject
Project("{FAE04EC0-301F-11D3-BF4B-00C04F79EFBC}") = "BusinessLayer", "BusinessLayer\BusinessLayer.csproj", "{5FE3477F-8A4B-4905-AAB7-653DAC5DC3BF}"
EndProject
Global
	GlobalSection(SolutionConfigurationPlatforms) = preSolution
		Debug|Any CPU = Debug|Any CPU
		Release|Any CPU = Release|Any CPU
	EndGlobalSection
	GlobalSection(ProjectConfigurationPlatforms) = postSolution
		{864461E5-863E-4878-A090-955A2FC20825}.Debug|Any CPU.ActiveCfg = Debug|Any CPU
		{864461E5-863E-4878-A090-955A2FC20825}.Debug|Any CPU.Build.0 = Debug|Any CPU
		{864461E5-863E-4878-A090-955A2FC20825}.Release|Any CPU.ActiveCfg = Release|Any CPU
		{864461E5-863E-4878-A090-955A2FC20825}.Release|Any CPU.Build.0 = Release|Any CPU
		{5FE3477F-8A4B-4905-AAB7-653DAC5DC3BF}.Debug|Any CPU.ActiveCfg = Debug|Any CPU
		{5FE3477F-8A4B-4905-AAB7-653DAC5DC3BF}.Debug|Any CPU.Build.0 = Debug|Any CPU
		{5FE3477F-8A4B-4905-AAB7-653DAC5DC3BF}.Release|Any CPU.ActiveCfg = Release|Any CPU
		{5FE3477F-8A4B-4905-AAB7-653DAC5DC3BF}.Release|Any CPU.Build.0 = Release|Any CPU
	EndGlobalSection
	GlobalSection(SolutionProperties) = preSolution
		HideSolutionNode = FALSE
	EndGlobalSection
	GlobalSection(TeamFoundationVersionControl) = preSolution
		SccNumberOfProjects = 3
		SccEnterpriseProvider = {4CA58AB2-18FA-4F8D-95D4-32DDF27D184C}
		SccTeamFoundationServer = https://arseneauconsulting.visualstudio.com/defaultcollection
		SccLocalPath0 = .
		SccProjectUniqueName1 = BusinessLayer\\BusinessLayer.csproj
		SccProjectName1 = BusinessLayer
		SccLocalPath1 = BusinessLayer
		SccProjectUniqueName2 = WebAPI\\WebAPI.csproj
		SccProjectName2 = WebAPI
		SccLocalPath2 = WebAPI
	EndGlobalSection
EndGlobal
